// !$*UTF8*$!
{
	archiveVersion = 1;
	classes = {
	};
	objectVersion = 46;
	objects = {

/* Begin PBXBuildFile section */
		C8DF002E876FE6741CCC06B7 /* libPods.a in Frameworks */ = {isa = PBXBuildFile; fileRef = 58D0B3959DCE6434DA319CEA /* libPods.a */; };
		E6083E9D1A2B52DE000EF36A /* baidu_pcs_ios-1.0.a in Frameworks */ = {isa = PBXBuildFile; fileRef = E6083E961A2B52DE000EF36A /* baidu_pcs_ios-1.0.a */; };
		E6D83F991A2D58D700E93FE7 /* FWImagePickerViewController.m in Sources */ = {isa = PBXBuildFile; fileRef = E6D83F981A2D58D700E93FE7 /* FWImagePickerViewController.m */; };
		E6D83F9C1A2DB06500E93FE7 /* FWPhotosViewController.m in Sources */ = {isa = PBXBuildFile; fileRef = E6D83F9B1A2DB06500E93FE7 /* FWPhotosViewController.m */; };
		E6DE56DB1A2864D4004502A6 /* main.m in Sources */ = {isa = PBXBuildFile; fileRef = E6DE56DA1A2864D4004502A6 /* main.m */; };
		E6DE56DE1A2864D4004502A6 /* AppDelegate.m in Sources */ = {isa = PBXBuildFile; fileRef = E6DE56DD1A2864D4004502A6 /* AppDelegate.m */; };
		E6DE56E11A2864D4004502A6 /* ViewController.m in Sources */ = {isa = PBXBuildFile; fileRef = E6DE56E01A2864D4004502A6 /* ViewController.m */; };
		E6DE56E41A2864D4004502A6 /* Main.storyboard in Resources */ = {isa = PBXBuildFile; fileRef = E6DE56E21A2864D4004502A6 /* Main.storyboard */; };
		E6DE56E61A2864D4004502A6 /* Images.xcassets in Resources */ = {isa = PBXBuildFile; fileRef = E6DE56E51A2864D4004502A6 /* Images.xcassets */; };
		E6DE56E91A2864D4004502A6 /* LaunchScreen.xib in Resources */ = {isa = PBXBuildFile; fileRef = E6DE56E71A2864D4004502A6 /* LaunchScreen.xib */; };
		E6DE56F51A2864D4004502A6 /* FlyWireTests.m in Sources */ = {isa = PBXBuildFile; fileRef = E6DE56F41A2864D4004502A6 /* FlyWireTests.m */; };
		E6DE57051A286690004502A6 /* FWConstants.m in Sources */ = {isa = PBXBuildFile; fileRef = E6DE57041A286690004502A6 /* FWConstants.m */; };
		E6DE57081A2876B0004502A6 /* FWViewController.m in Sources */ = {isa = PBXBuildFile; fileRef = E6DE57071A2876B0004502A6 /* FWViewController.m */; };
		E6DE570A1A287749004502A6 /* libz.dylib in Frameworks */ = {isa = PBXBuildFile; fileRef = E6DE57091A287749004502A6 /* libz.dylib */; };
		E6DE570D1A287A5F004502A6 /* FWNavigationController.m in Sources */ = {isa = PBXBuildFile; fileRef = E6DE570C1A287A5F004502A6 /* FWNavigationController.m */; };
		E6DE57101A288C43004502A6 /* Crashlytics.framework in Frameworks */ = {isa = PBXBuildFile; fileRef = E6DE570F1A288C43004502A6 /* Crashlytics.framework */; };
		E6F0D1E71A2DB4FA00625C12 /* AVFoundation.framework in Frameworks */ = {isa = PBXBuildFile; fileRef = E6F0D1E61A2DB4FA00625C12 /* AVFoundation.framework */; };
		E6F0D1EA1A2DE44000625C12 /* FWAVCaptureViewController.m in Sources */ = {isa = PBXBuildFile; fileRef = E6F0D1E91A2DE44000625C12 /* FWAVCaptureViewController.m */; };
		E6F0D1ED1A2DE8CE00625C12 /* FWCircleCenterClearView.m in Sources */ = {isa = PBXBuildFile; fileRef = E6F0D1EC1A2DE8CE00625C12 /* FWCircleCenterClearView.m */; };
/* End PBXBuildFile section */

/* Begin PBXContainerItemProxy section */
		E6DE56EF1A2864D4004502A6 /* PBXContainerItemProxy */ = {
			isa = PBXContainerItemProxy;
			containerPortal = E6DE56CD1A2864D4004502A6 /* Project object */;
			proxyType = 1;
			remoteGlobalIDString = E6DE56D41A2864D4004502A6;
			remoteInfo = FlyWire;
		};
/* End PBXContainerItemProxy section */

/* Begin PBXFileReference section */
		58D0B3959DCE6434DA319CEA /* libPods.a */ = {isa = PBXFileReference; explicitFileType = archive.ar; includeInIndex = 0; path = libPods.a; sourceTree = BUILT_PRODUCTS_DIR; };
		8DC2178AF79021C6F964F747 /* Pods.release.xcconfig */ = {isa = PBXFileReference; includeInIndex = 1; lastKnownFileType = text.xcconfig; name = Pods.release.xcconfig; path = "Pods/Target Support Files/Pods/Pods.release.xcconfig"; sourceTree = "<group>"; };
		C0A720BD839B397189160A31 /* Pods.debug.xcconfig */ = {isa = PBXFileReference; includeInIndex = 1; lastKnownFileType = text.xcconfig; name = Pods.debug.xcconfig; path = "Pods/Target Support Files/Pods/Pods.debug.xcconfig"; sourceTree = "<group>"; };
		E6083E961A2B52DE000EF36A /* baidu_pcs_ios-1.0.a */ = {isa = PBXFileReference; lastKnownFileType = archive.ar; path = "baidu_pcs_ios-1.0.a"; sourceTree = "<group>"; };
		E6083E981A2B52DE000EF36A /* BaiduOAuth.h */ = {isa = PBXFileReference; fileEncoding = 4; lastKnownFileType = sourcecode.c.h; path = BaiduOAuth.h; sourceTree = "<group>"; };
		E6083E991A2B52DE000EF36A /* BaiduPCSActionInfo.h */ = {isa = PBXFileReference; fileEncoding = 4; lastKnownFileType = sourcecode.c.h; path = BaiduPCSActionInfo.h; sourceTree = "<group>"; };
		E6083E9A1A2B52DE000EF36A /* BaiduPCSClient.h */ = {isa = PBXFileReference; fileEncoding = 4; lastKnownFileType = sourcecode.c.h; path = BaiduPCSClient.h; sourceTree = "<group>"; };
		E6083E9B1A2B52DE000EF36A /* BaiduPCSErrorCode.h */ = {isa = PBXFileReference; fileEncoding = 4; lastKnownFileType = sourcecode.c.h; path = BaiduPCSErrorCode.h; sourceTree = "<group>"; };
		E6083E9C1A2B52DE000EF36A /* BaiduPCSStatusListener.h */ = {isa = PBXFileReference; fileEncoding = 4; lastKnownFileType = sourcecode.c.h; path = BaiduPCSStatusListener.h; sourceTree = "<group>"; };
		E6D83F971A2D58D700E93FE7 /* FWImagePickerViewController.h */ = {isa = PBXFileReference; fileEncoding = 4; lastKnownFileType = sourcecode.c.h; path = FWImagePickerViewController.h; sourceTree = "<group>"; };
		E6D83F981A2D58D700E93FE7 /* FWImagePickerViewController.m */ = {isa = PBXFileReference; fileEncoding = 4; lastKnownFileType = sourcecode.c.objc; path = FWImagePickerViewController.m; sourceTree = "<group>"; };
		E6D83F9A1A2DB06500E93FE7 /* FWPhotosViewController.h */ = {isa = PBXFileReference; fileEncoding = 4; lastKnownFileType = sourcecode.c.h; path = FWPhotosViewController.h; sourceTree = "<group>"; };
		E6D83F9B1A2DB06500E93FE7 /* FWPhotosViewController.m */ = {isa = PBXFileReference; fileEncoding = 4; lastKnownFileType = sourcecode.c.objc; path = FWPhotosViewController.m; sourceTree = "<group>"; };
		E6DE56D51A2864D4004502A6 /* FlyWire.app */ = {isa = PBXFileReference; explicitFileType = wrapper.application; includeInIndex = 0; path = FlyWire.app; sourceTree = BUILT_PRODUCTS_DIR; };
		E6DE56D91A2864D4004502A6 /* Info.plist */ = {isa = PBXFileReference; lastKnownFileType = text.plist.xml; path = Info.plist; sourceTree = "<group>"; };
		E6DE56DA1A2864D4004502A6 /* main.m */ = {isa = PBXFileReference; lastKnownFileType = sourcecode.c.objc; path = main.m; sourceTree = "<group>"; };
		E6DE56DC1A2864D4004502A6 /* AppDelegate.h */ = {isa = PBXFileReference; lastKnownFileType = sourcecode.c.h; path = AppDelegate.h; sourceTree = "<group>"; };
		E6DE56DD1A2864D4004502A6 /* AppDelegate.m */ = {isa = PBXFileReference; lastKnownFileType = sourcecode.c.objc; path = AppDelegate.m; sourceTree = "<group>"; };
		E6DE56DF1A2864D4004502A6 /* ViewController.h */ = {isa = PBXFileReference; lastKnownFileType = sourcecode.c.h; path = ViewController.h; sourceTree = "<group>"; };
		E6DE56E01A2864D4004502A6 /* ViewController.m */ = {isa = PBXFileReference; lastKnownFileType = sourcecode.c.objc; path = ViewController.m; sourceTree = "<group>"; };
		E6DE56E31A2864D4004502A6 /* Base */ = {isa = PBXFileReference; lastKnownFileType = file.storyboard; name = Base; path = Base.lproj/Main.storyboard; sourceTree = "<group>"; };
		E6DE56E51A2864D4004502A6 /* Images.xcassets */ = {isa = PBXFileReference; lastKnownFileType = folder.assetcatalog; path = Images.xcassets; sourceTree = "<group>"; };
		E6DE56E81A2864D4004502A6 /* Base */ = {isa = PBXFileReference; lastKnownFileType = file.xib; name = Base; path = Base.lproj/LaunchScreen.xib; sourceTree = "<group>"; };
		E6DE56EE1A2864D4004502A6 /* FlyWireTests.xctest */ = {isa = PBXFileReference; explicitFileType = wrapper.cfbundle; includeInIndex = 0; path = FlyWireTests.xctest; sourceTree = BUILT_PRODUCTS_DIR; };
		E6DE56F31A2864D4004502A6 /* Info.plist */ = {isa = PBXFileReference; lastKnownFileType = text.plist.xml; path = Info.plist; sourceTree = "<group>"; };
		E6DE56F41A2864D4004502A6 /* FlyWireTests.m */ = {isa = PBXFileReference; lastKnownFileType = sourcecode.c.objc; path = FlyWireTests.m; sourceTree = "<group>"; };
		E6DE57031A286690004502A6 /* FWConstants.h */ = {isa = PBXFileReference; fileEncoding = 4; lastKnownFileType = sourcecode.c.h; path = FWConstants.h; sourceTree = "<group>"; };
		E6DE57041A286690004502A6 /* FWConstants.m */ = {isa = PBXFileReference; fileEncoding = 4; lastKnownFileType = sourcecode.c.objc; path = FWConstants.m; sourceTree = "<group>"; };
		E6DE57061A2876B0004502A6 /* FWViewController.h */ = {isa = PBXFileReference; fileEncoding = 4; lastKnownFileType = sourcecode.c.h; path = FWViewController.h; sourceTree = "<group>"; };
		E6DE57071A2876B0004502A6 /* FWViewController.m */ = {isa = PBXFileReference; fileEncoding = 4; lastKnownFileType = sourcecode.c.objc; path = FWViewController.m; sourceTree = "<group>"; };
		E6DE57091A287749004502A6 /* libz.dylib */ = {isa = PBXFileReference; lastKnownFileType = "compiled.mach-o.dylib"; name = libz.dylib; path = usr/lib/libz.dylib; sourceTree = SDKROOT; };
		E6DE570B1A287A5F004502A6 /* FWNavigationController.h */ = {isa = PBXFileReference; fileEncoding = 4; lastKnownFileType = sourcecode.c.h; path = FWNavigationController.h; sourceTree = "<group>"; };
		E6DE570C1A287A5F004502A6 /* FWNavigationController.m */ = {isa = PBXFileReference; fileEncoding = 4; lastKnownFileType = sourcecode.c.objc; path = FWNavigationController.m; sourceTree = "<group>"; };
		E6DE570F1A288C43004502A6 /* Crashlytics.framework */ = {isa = PBXFileReference; lastKnownFileType = wrapper.framework; path = Crashlytics.framework; sourceTree = "<group>"; };
		E6F0D1E61A2DB4FA00625C12 /* AVFoundation.framework */ = {isa = PBXFileReference; lastKnownFileType = wrapper.framework; name = AVFoundation.framework; path = System/Library/Frameworks/AVFoundation.framework; sourceTree = SDKROOT; };
		E6F0D1E81A2DE44000625C12 /* FWAVCaptureViewController.h */ = {isa = PBXFileReference; fileEncoding = 4; lastKnownFileType = sourcecode.c.h; path = FWAVCaptureViewController.h; sourceTree = "<group>"; };
		E6F0D1E91A2DE44000625C12 /* FWAVCaptureViewController.m */ = {isa = PBXFileReference; fileEncoding = 4; lastKnownFileType = sourcecode.c.objc; path = FWAVCaptureViewController.m; sourceTree = "<group>"; };
		E6F0D1EB1A2DE8CE00625C12 /* FWCircleCenterClearView.h */ = {isa = PBXFileReference; fileEncoding = 4; lastKnownFileType = sourcecode.c.h; path = FWCircleCenterClearView.h; sourceTree = "<group>"; };
		E6F0D1EC1A2DE8CE00625C12 /* FWCircleCenterClearView.m */ = {isa = PBXFileReference; fileEncoding = 4; lastKnownFileType = sourcecode.c.objc; path = FWCircleCenterClearView.m; sourceTree = "<group>"; };
/* End PBXFileReference section */

/* Begin PBXFrameworksBuildPhase section */
		E6DE56D21A2864D4004502A6 /* Frameworks */ = {
			isa = PBXFrameworksBuildPhase;
			buildActionMask = 2147483647;
			files = (
				E6F0D1E71A2DB4FA00625C12 /* AVFoundation.framework in Frameworks */,
				E6DE570A1A287749004502A6 /* libz.dylib in Frameworks */,
				E6DE57101A288C43004502A6 /* Crashlytics.framework in Frameworks */,
				E6083E9D1A2B52DE000EF36A /* baidu_pcs_ios-1.0.a in Frameworks */,
				C8DF002E876FE6741CCC06B7 /* libPods.a in Frameworks */,
			);
			runOnlyForDeploymentPostprocessing = 0;
		};
		E6DE56EB1A2864D4004502A6 /* Frameworks */ = {
			isa = PBXFrameworksBuildPhase;
			buildActionMask = 2147483647;
			files = (
			);
			runOnlyForDeploymentPostprocessing = 0;
		};
/* End PBXFrameworksBuildPhase section */

/* Begin PBXGroup section */
		20F1C77EB0B518176BE196EE /* Pods */ = {
			isa = PBXGroup;
			children = (
				C0A720BD839B397189160A31 /* Pods.debug.xcconfig */,
				8DC2178AF79021C6F964F747 /* Pods.release.xcconfig */,
			);
			name = Pods;
			sourceTree = "<group>";
		};
		33E9C30D730174982EA21B9E /* Frameworks */ = {
			isa = PBXGroup;
			children = (
				E6F0D1E61A2DB4FA00625C12 /* AVFoundation.framework */,
				E6DE570F1A288C43004502A6 /* Crashlytics.framework */,
				E6DE57091A287749004502A6 /* libz.dylib */,
				58D0B3959DCE6434DA319CEA /* libPods.a */,
			);
			name = Frameworks;
			sourceTree = "<group>";
		};
		E6083E941A2B52DE000EF36A /* ThirdParty */ = {
			isa = PBXGroup;
			children = (
				E6083E951A2B52DE000EF36A /* baiduYun */,
			);
			path = ThirdParty;
			sourceTree = "<group>";
		};
		E6083E951A2B52DE000EF36A /* baiduYun */ = {
			isa = PBXGroup;
			children = (
				E6083E961A2B52DE000EF36A /* baidu_pcs_ios-1.0.a */,
				E6083E971A2B52DE000EF36A /* include */,
			);
			path = baiduYun;
			sourceTree = "<group>";
		};
		E6083E971A2B52DE000EF36A /* include */ = {
			isa = PBXGroup;
			children = (
				E6083E981A2B52DE000EF36A /* BaiduOAuth.h */,
				E6083E991A2B52DE000EF36A /* BaiduPCSActionInfo.h */,
				E6083E9A1A2B52DE000EF36A /* BaiduPCSClient.h */,
				E6083E9B1A2B52DE000EF36A /* BaiduPCSErrorCode.h */,
				E6083E9C1A2B52DE000EF36A /* BaiduPCSStatusListener.h */,
			);
			path = include;
			sourceTree = "<group>";
		};
		E6D83F961A2D58D700E93FE7 /* takePhotos */ = {
			isa = PBXGroup;
			children = (
				E6D83F971A2D58D700E93FE7 /* FWImagePickerViewController.h */,
				E6D83F981A2D58D700E93FE7 /* FWImagePickerViewController.m */,
				E6D83F9A1A2DB06500E93FE7 /* FWPhotosViewController.h */,
				E6D83F9B1A2DB06500E93FE7 /* FWPhotosViewController.m */,
				E6F0D1E81A2DE44000625C12 /* FWAVCaptureViewController.h */,
				E6F0D1E91A2DE44000625C12 /* FWAVCaptureViewController.m */,
				E6F0D1EB1A2DE8CE00625C12 /* FWCircleCenterClearView.h */,
				E6F0D1EC1A2DE8CE00625C12 /* FWCircleCenterClearView.m */,
			);
			path = takePhotos;
			sourceTree = "<group>";
		};
		E6DE56CC1A2864D4004502A6 = {
			isa = PBXGroup;
			children = (
				E6DE56D71A2864D4004502A6 /* FlyWire */,
				E6DE56F11A2864D4004502A6 /* FlyWireTests */,
				E6DE56D61A2864D4004502A6 /* Products */,
				20F1C77EB0B518176BE196EE /* Pods */,
				33E9C30D730174982EA21B9E /* Frameworks */,
			);
			sourceTree = "<group>";
		};
		E6DE56D61A2864D4004502A6 /* Products */ = {
			isa = PBXGroup;
			children = (
				E6DE56D51A2864D4004502A6 /* FlyWire.app */,
				E6DE56EE1A2864D4004502A6 /* FlyWireTests.xctest */,
			);
			name = Products;
			sourceTree = "<group>";
		};
		E6DE56D71A2864D4004502A6 /* FlyWire */ = {
			isa = PBXGroup;
			children = (
				E6DE56FE1A286679004502A6 /* Models */,
				E6DE56FF1A286679004502A6 /* Utils */,
				E6DE57001A286679004502A6 /* ViewControllers */,
				E6DE57011A286679004502A6 /* ViewModels */,
				E6DE57021A286679004502A6 /* Views */,
				E6083E941A2B52DE000EF36A /* ThirdParty */,
				E6DE56DC1A2864D4004502A6 /* AppDelegate.h */,
				E6DE56DD1A2864D4004502A6 /* AppDelegate.m */,
				E6DE56DF1A2864D4004502A6 /* ViewController.h */,
				E6DE56E01A2864D4004502A6 /* ViewController.m */,
				E6DE56E21A2864D4004502A6 /* Main.storyboard */,
				E6DE56E51A2864D4004502A6 /* Images.xcassets */,
				E6DE56E71A2864D4004502A6 /* LaunchScreen.xib */,
				E6DE56D81A2864D4004502A6 /* Supporting Files */,
			);
			path = FlyWire;
			sourceTree = "<group>";
		};
		E6DE56D81A2864D4004502A6 /* Supporting Files */ = {
			isa = PBXGroup;
			children = (
				E6DE56D91A2864D4004502A6 /* Info.plist */,
				E6DE56DA1A2864D4004502A6 /* main.m */,
			);
			name = "Supporting Files";
			sourceTree = "<group>";
		};
		E6DE56F11A2864D4004502A6 /* FlyWireTests */ = {
			isa = PBXGroup;
			children = (
				E6DE56F41A2864D4004502A6 /* FlyWireTests.m */,
				E6DE56F21A2864D4004502A6 /* Supporting Files */,
			);
			path = FlyWireTests;
			sourceTree = "<group>";
		};
		E6DE56F21A2864D4004502A6 /* Supporting Files */ = {
			isa = PBXGroup;
			children = (
				E6DE56F31A2864D4004502A6 /* Info.plist */,
			);
			name = "Supporting Files";
			sourceTree = "<group>";
		};
		E6DE56FE1A286679004502A6 /* Models */ = {
			isa = PBXGroup;
			children = (
			);
			path = Models;
			sourceTree = "<group>";
		};
		E6DE56FF1A286679004502A6 /* Utils */ = {
			isa = PBXGroup;
			children = (
				E6DE57031A286690004502A6 /* FWConstants.h */,
				E6DE57041A286690004502A6 /* FWConstants.m */,
			);
			path = Utils;
			sourceTree = "<group>";
		};
		E6DE57001A286679004502A6 /* ViewControllers */ = {
			isa = PBXGroup;
			children = (
				E6D83F961A2D58D700E93FE7 /* takePhotos */,
				E6DE57061A2876B0004502A6 /* FWViewController.h */,
				E6DE57071A2876B0004502A6 /* FWViewController.m */,
				E6DE570B1A287A5F004502A6 /* FWNavigationController.h */,
				E6DE570C1A287A5F004502A6 /* FWNavigationController.m */,
			);
			path = ViewControllers;
			sourceTree = "<group>";
		};
		E6DE57011A286679004502A6 /* ViewModels */ = {
			isa = PBXGroup;
			children = (
			);
			path = ViewModels;
			sourceTree = "<group>";
		};
		E6DE57021A286679004502A6 /* Views */ = {
			isa = PBXGroup;
			children = (
			);
			path = Views;
			sourceTree = "<group>";
		};
/* End PBXGroup section */

/* Begin PBXNativeTarget section */
		E6DE56D41A2864D4004502A6 /* FlyWire */ = {
			isa = PBXNativeTarget;
			buildConfigurationList = E6DE56F81A2864D4004502A6 /* Build configuration list for PBXNativeTarget "FlyWire" */;
			buildPhases = (
				828D2D9E2B0C4347DC44E219 /* Check Pods Manifest.lock */,
				E6DE56D11A2864D4004502A6 /* Sources */,
				E6DE56D21A2864D4004502A6 /* Frameworks */,
				E6DE56D31A2864D4004502A6 /* Resources */,
				E8BF617E1651F3F2B899EA7A /* Copy Pods Resources */,
				E6DE570E1A288B69004502A6 /* ShellScript */,
			);
			buildRules = (
			);
			dependencies = (
			);
			name = FlyWire;
			productName = FlyWire;
			productReference = E6DE56D51A2864D4004502A6 /* FlyWire.app */;
			productType = "com.apple.product-type.application";
		};
		E6DE56ED1A2864D4004502A6 /* FlyWireTests */ = {
			isa = PBXNativeTarget;
			buildConfigurationList = E6DE56FB1A2864D4004502A6 /* Build configuration list for PBXNativeTarget "FlyWireTests" */;
			buildPhases = (
				E6DE56EA1A2864D4004502A6 /* Sources */,
				E6DE56EB1A2864D4004502A6 /* Frameworks */,
				E6DE56EC1A2864D4004502A6 /* Resources */,
			);
			buildRules = (
			);
			dependencies = (
				E6DE56F01A2864D4004502A6 /* PBXTargetDependency */,
			);
			name = FlyWireTests;
			productName = FlyWireTests;
			productReference = E6DE56EE1A2864D4004502A6 /* FlyWireTests.xctest */;
			productType = "com.apple.product-type.bundle.unit-test";
		};
/* End PBXNativeTarget section */

/* Begin PBXProject section */
		E6DE56CD1A2864D4004502A6 /* Project object */ = {
			isa = PBXProject;
			attributes = {
				LastUpgradeCheck = 0620;
				ORGANIZATIONNAME = CyonLeu;
				TargetAttributes = {
					E6DE56D41A2864D4004502A6 = {
						CreatedOnToolsVersion = 6.2;
						DevelopmentTeam = 37FV97YJL2;
					};
					E6DE56ED1A2864D4004502A6 = {
						CreatedOnToolsVersion = 6.2;
						TestTargetID = E6DE56D41A2864D4004502A6;
					};
				};
			};
			buildConfigurationList = E6DE56D01A2864D4004502A6 /* Build configuration list for PBXProject "FlyWire" */;
			compatibilityVersion = "Xcode 3.2";
			developmentRegion = English;
			hasScannedForEncodings = 0;
			knownRegions = (
				en,
				Base,
			);
			mainGroup = E6DE56CC1A2864D4004502A6;
			productRefGroup = E6DE56D61A2864D4004502A6 /* Products */;
			projectDirPath = "";
			projectRoot = "";
			targets = (
				E6DE56D41A2864D4004502A6 /* FlyWire */,
				E6DE56ED1A2864D4004502A6 /* FlyWireTests */,
			);
		};
/* End PBXProject section */

/* Begin PBXResourcesBuildPhase section */
		E6DE56D31A2864D4004502A6 /* Resources */ = {
			isa = PBXResourcesBuildPhase;
			buildActionMask = 2147483647;
			files = (
				E6DE56E41A2864D4004502A6 /* Main.storyboard in Resources */,
				E6DE56E91A2864D4004502A6 /* LaunchScreen.xib in Resources */,
				E6DE56E61A2864D4004502A6 /* Images.xcassets in Resources */,
			);
			runOnlyForDeploymentPostprocessing = 0;
		};
		E6DE56EC1A2864D4004502A6 /* Resources */ = {
			isa = PBXResourcesBuildPhase;
			buildActionMask = 2147483647;
			files = (
			);
			runOnlyForDeploymentPostprocessing = 0;
		};
/* End PBXResourcesBuildPhase section */

/* Begin PBXShellScriptBuildPhase section */
		828D2D9E2B0C4347DC44E219 /* Check Pods Manifest.lock */ = {
			isa = PBXShellScriptBuildPhase;
			buildActionMask = 2147483647;
			files = (
			);
			inputPaths = (
			);
			name = "Check Pods Manifest.lock";
			outputPaths = (
			);
			runOnlyForDeploymentPostprocessing = 0;
			shellPath = /bin/sh;
			shellScript = "diff \"${PODS_ROOT}/../Podfile.lock\" \"${PODS_ROOT}/Manifest.lock\" > /dev/null\nif [[ $? != 0 ]] ; then\n    cat << EOM\nerror: The sandbox is not in sync with the Podfile.lock. Run 'pod install' or update your CocoaPods installation.\nEOM\n    exit 1\nfi\n";
			showEnvVarsInLog = 0;
		};
		E6DE570E1A288B69004502A6 /* ShellScript */ = {
			isa = PBXShellScriptBuildPhase;
			buildActionMask = 12;
			files = (
			);
			inputPaths = (
			);
			outputPaths = (
			);
			runOnlyForDeploymentPostprocessing = 0;
			shellPath = /bin/sh;
			shellScript = "./Crashlytics.framework/run cc7901eb024f843ca3ac13e4cfcfe02665d929fe 6b4ffd36d380483794e6bdd6831044723a49ec9c5ee87417abdef143e001b6a4";
		};
		E8BF617E1651F3F2B899EA7A /* Copy Pods Resources */ = {
			isa = PBXShellScriptBuildPhase;
			buildActionMask = 2147483647;
			files = (
			);
			inputPaths = (
			);
			name = "Copy Pods Resources";
			outputPaths = (
			);
			runOnlyForDeploymentPostprocessing = 0;
			shellPath = /bin/sh;
			shellScript = "\"${SRCROOT}/Pods/Target Support Files/Pods/Pods-resources.sh\"\n";
			showEnvVarsInLog = 0;
		};
/* End PBXShellScriptBuildPhase section */

/* Begin PBXSourcesBuildPhase section */
		E6DE56D11A2864D4004502A6 /* Sources */ = {
			isa = PBXSourcesBuildPhase;
			buildActionMask = 2147483647;
			files = (
				E6F0D1ED1A2DE8CE00625C12 /* FWCircleCenterClearView.m in Sources */,
				E6DE56E11A2864D4004502A6 /* ViewController.m in Sources */,
				E6DE56DE1A2864D4004502A6 /* AppDelegate.m in Sources */,
				E6DE57051A286690004502A6 /* FWConstants.m in Sources */,
				E6DE56DB1A2864D4004502A6 /* main.m in Sources */,
				E6D83F9C1A2DB06500E93FE7 /* FWPhotosViewController.m in Sources */,
				E6F0D1EA1A2DE44000625C12 /* FWAVCaptureViewController.m in Sources */,
				E6D83F991A2D58D700E93FE7 /* FWImagePickerViewController.m in Sources */,
				E6DE570D1A287A5F004502A6 /* FWNavigationController.m in Sources */,
				E6DE57081A2876B0004502A6 /* FWViewController.m in Sources */,
			);
			runOnlyForDeploymentPostprocessing = 0;
		};
		E6DE56EA1A2864D4004502A6 /* Sources */ = {
			isa = PBXSourcesBuildPhase;
			buildActionMask = 2147483647;
			files = (
				E6DE56F51A2864D4004502A6 /* FlyWireTests.m in Sources */,
			);
			runOnlyForDeploymentPostprocessing = 0;
		};
/* End PBXSourcesBuildPhase section */

/* Begin PBXTargetDependency section */
		E6DE56F01A2864D4004502A6 /* PBXTargetDependency */ = {
			isa = PBXTargetDependency;
			target = E6DE56D41A2864D4004502A6 /* FlyWire */;
			targetProxy = E6DE56EF1A2864D4004502A6 /* PBXContainerItemProxy */;
		};
/* End PBXTargetDependency section */

/* Begin PBXVariantGroup section */
		E6DE56E21A2864D4004502A6 /* Main.storyboard */ = {
			isa = PBXVariantGroup;
			children = (
				E6DE56E31A2864D4004502A6 /* Base */,
			);
			name = Main.storyboard;
			sourceTree = "<group>";
		};
		E6DE56E71A2864D4004502A6 /* LaunchScreen.xib */ = {
			isa = PBXVariantGroup;
			children = (
				E6DE56E81A2864D4004502A6 /* Base */,
			);
			name = LaunchScreen.xib;
			sourceTree = "<group>";
		};
/* End PBXVariantGroup section */

/* Begin XCBuildConfiguration section */
		E6DE56F61A2864D4004502A6 /* Debug */ = {
			isa = XCBuildConfiguration;
			buildSettings = {
				ALWAYS_SEARCH_USER_PATHS = NO;
				CLANG_CXX_LANGUAGE_STANDARD = "gnu++0x";
				CLANG_CXX_LIBRARY = "libc++";
				CLANG_ENABLE_MODULES = YES;
				CLANG_ENABLE_OBJC_ARC = YES;
				CLANG_WARN_BOOL_CONVERSION = YES;
				CLANG_WARN_CONSTANT_CONVERSION = YES;
				CLANG_WARN_DIRECT_OBJC_ISA_USAGE = YES_ERROR;
				CLANG_WARN_EMPTY_BODY = YES;
				CLANG_WARN_ENUM_CONVERSION = YES;
				CLANG_WARN_INT_CONVERSION = YES;
				CLANG_WARN_OBJC_ROOT_CLASS = YES_ERROR;
				CLANG_WARN_UNREACHABLE_CODE = YES;
				CLANG_WARN__DUPLICATE_METHOD_MATCH = YES;
				"CODE_SIGN_IDENTITY[sdk=iphoneos*]" = "iPhone Developer";
				COPY_PHASE_STRIP = NO;
				ENABLE_STRICT_OBJC_MSGSEND = YES;
				GCC_C_LANGUAGE_STANDARD = gnu99;
				GCC_DYNAMIC_NO_PIC = NO;
				GCC_OPTIMIZATION_LEVEL = 0;
				GCC_PREPROCESSOR_DEFINITIONS = (
					"DEBUG=1",
					"$(inherited)",
				);
				GCC_SYMBOLS_PRIVATE_EXTERN = NO;
				GCC_WARN_64_TO_32_BIT_CONVERSION = YES;
				GCC_WARN_ABOUT_RETURN_TYPE = YES_ERROR;
				GCC_WARN_UNDECLARED_SELECTOR = YES;
				GCC_WARN_UNINITIALIZED_AUTOS = YES_AGGRESSIVE;
				GCC_WARN_UNUSED_FUNCTION = YES;
				GCC_WARN_UNUSED_VARIABLE = YES;
				IPHONEOS_DEPLOYMENT_TARGET = 6.0;
				MTL_ENABLE_DEBUG_INFO = YES;
				ONLY_ACTIVE_ARCH = YES;
				SDKROOT = iphoneos;
				TARGETED_DEVICE_FAMILY = "1,2";
			};
			name = Debug;
		};
		E6DE56F71A2864D4004502A6 /* Release */ = {
			isa = XCBuildConfiguration;
			buildSettings = {
				ALWAYS_SEARCH_USER_PATHS = NO;
				CLANG_CXX_LANGUAGE_STANDARD = "gnu++0x";
				CLANG_CXX_LIBRARY = "libc++";
				CLANG_ENABLE_MODULES = YES;
				CLANG_ENABLE_OBJC_ARC = YES;
				CLANG_WARN_BOOL_CONVERSION = YES;
				CLANG_WARN_CONSTANT_CONVERSION = YES;
				CLANG_WARN_DIRECT_OBJC_ISA_USAGE = YES_ERROR;
				CLANG_WARN_EMPTY_BODY = YES;
				CLANG_WARN_ENUM_CONVERSION = YES;
				CLANG_WARN_INT_CONVERSION = YES;
				CLANG_WARN_OBJC_ROOT_CLASS = YES_ERROR;
				CLANG_WARN_UNREACHABLE_CODE = YES;
				CLANG_WARN__DUPLICATE_METHOD_MATCH = YES;
				"CODE_SIGN_IDENTITY[sdk=iphoneos*]" = "iPhone Developer";
				COPY_PHASE_STRIP = YES;
				ENABLE_NS_ASSERTIONS = NO;
				ENABLE_STRICT_OBJC_MSGSEND = YES;
				GCC_C_LANGUAGE_STANDARD = gnu99;
				GCC_WARN_64_TO_32_BIT_CONVERSION = YES;
				GCC_WARN_ABOUT_RETURN_TYPE = YES_ERROR;
				GCC_WARN_UNDECLARED_SELECTOR = YES;
				GCC_WARN_UNINITIALIZED_AUTOS = YES_AGGRESSIVE;
				GCC_WARN_UNUSED_FUNCTION = YES;
				GCC_WARN_UNUSED_VARIABLE = YES;
				IPHONEOS_DEPLOYMENT_TARGET = 6.0;
				MTL_ENABLE_DEBUG_INFO = NO;
				SDKROOT = iphoneos;
				TARGETED_DEVICE_FAMILY = "1,2";
				VALIDATE_PRODUCT = YES;
			};
			name = Release;
		};
		E6DE56F91A2864D4004502A6 /* Debug */ = {
			isa = XCBuildConfiguration;
			baseConfigurationReference = C0A720BD839B397189160A31 /* Pods.debug.xcconfig */;
			buildSettings = {
				ASSETCATALOG_COMPILER_APPICON_NAME = AppIcon;
				ASSETCATALOG_COMPILER_LAUNCHIMAGE_NAME = LaunchImage;
				CODE_SIGN_IDENTITY = "iPhone Developer";
				FRAMEWORK_SEARCH_PATHS = (
					"$(inherited)",
					"$(PROJECT_DIR)",
				);
				INFOPLIST_FILE = FlyWire/Info.plist;
				IPHONEOS_DEPLOYMENT_TARGET = 6.0;
				LD_RUNPATH_SEARCH_PATHS = "$(inherited) @executable_path/Frameworks";
				LIBRARY_SEARCH_PATHS = (
					"$(inherited)",
					"$(PROJECT_DIR)/FlyWire/ThirdParty/baiduYun",
				);
				PRODUCT_NAME = "$(TARGET_NAME)";
				PROVISIONING_PROFILE = "116212e4-5a0a-4314-a3b4-23ebfe94e49f";
				"PROVISIONING_PROFILE[sdk=*]" = "116212e4-5a0a-4314-a3b4-23ebfe94e49f";
			};
			name = Debug;
		};
		E6DE56FA1A2864D4004502A6 /* Release */ = {
			isa = XCBuildConfiguration;
			baseConfigurationReference = 8DC2178AF79021C6F964F747 /* Pods.release.xcconfig */;
			buildSettings = {
				ASSETCATALOG_COMPILER_APPICON_NAME = AppIcon;
				ASSETCATALOG_COMPILER_LAUNCHIMAGE_NAME = LaunchImage;
				FRAMEWORK_SEARCH_PATHS = (
					"$(inherited)",
					"$(PROJECT_DIR)",
				);
				INFOPLIST_FILE = FlyWire/Info.plist;
				IPHONEOS_DEPLOYMENT_TARGET = 6.0;
				LD_RUNPATH_SEARCH_PATHS = "$(inherited) @executable_path/Frameworks";
				LIBRARY_SEARCH_PATHS = (
					"$(inherited)",
					"$(PROJECT_DIR)/FlyWire/ThirdParty/baiduYun",
				);
				PRODUCT_NAME = "$(TARGET_NAME)";
				PROVISIONING_PROFILE = "29a02ecf-b169-4df9-b289-34895f03c42e";
				"PROVISIONING_PROFILE[sdk=*]" = "29a02ecf-b169-4df9-b289-34895f03c42e";
			};
			name = Release;
		};
		E6DE56FC1A2864D4004502A6 /* Debug */ = {
			isa = XCBuildConfiguration;
			buildSettings = {
				BUNDLE_LOADER = "$(TEST_HOST)";
				FRAMEWORK_SEARCH_PATHS = (
					"$(SDKROOT)/Developer/Library/Frameworks",
					"$(inherited)",
				);
				GCC_PREPROCESSOR_DEFINITIONS = (
					"DEBUG=1",
					"$(inherited)",
				);
				INFOPLIST_FILE = FlyWireTests/Info.plist;
				LD_RUNPATH_SEARCH_PATHS = "$(inherited) @executable_path/Frameworks @loader_path/Frameworks";
				PRODUCT_NAME = "$(TARGET_NAME)";
				TEST_HOST = "$(BUILT_PRODUCTS_DIR)/FlyWire.app/FlyWire";
			};
			name = Debug;
		};
		E6DE56FD1A2864D4004502A6 /* Release */ = {
			isa = XCBuildConfiguration;
			buildSettings = {
				BUNDLE_LOADER = "$(TEST_HOST)";
				FRAMEWORK_SEARCH_PATHS = (
					"$(SDKROOT)/Developer/Library/Frameworks",
					"$(inherited)",
				);
				INFOPLIST_FILE = FlyWireTests/Info.plist;
				LD_RUNPATH_SEARCH_PATHS = "$(inherited) @executable_path/Frameworks @loader_path/Frameworks";
				PRODUCT_NAME = "$(TARGET_NAME)";
				TEST_HOST = "$(BUILT_PRODUCTS_DIR)/FlyWire.app/FlyWire";
			};
			name = Release;
		};
/* End XCBuildConfiguration section */

/* Begin XCConfigurationList section */
		E6DE56D01A2864D4004502A6 /* Build configuration list for PBXProject "FlyWire" */ = {
			isa = XCConfigurationList;
			buildConfigurations = (
				E6DE56F61A2864D4004502A6 /* Debug */,
				E6DE56F71A2864D4004502A6 /* Release */,
			);
			defaultConfigurationIsVisible = 0;
			defaultConfigurationName = Release;
		};
		E6DE56F81A2864D4004502A6 /* Build configuration list for PBXNativeTarget "FlyWire" */ = {
			isa = XCConfigurationList;
			buildConfigurations = (
				E6DE56F91A2864D4004502A6 /* Debug */,
				E6DE56FA1A2864D4004502A6 /* Release */,
			);
			defaultConfigurationIsVisible = 0;
			defaultConfigurationName = Release;
		};
		E6DE56FB1A2864D4004502A6 /* Build configuration list for PBXNativeTarget "FlyWireTests" */ = {
			isa = XCConfigurationList;
			buildConfigurations = (
				E6DE56FC1A2864D4004502A6 /* Debug */,
				E6DE56FD1A2864D4004502A6 /* Release */,
			);
			defaultConfigurationIsVisible = 0;
			defaultConfigurationName = Release;
		};
/* End XCConfigurationList section */
	};
	rootObject = E6DE56CD1A2864D4004502A6 /* Project object */;
}
