// !$*UTF8*$!
{
	archiveVersion = 1;
	classes = {
	};
	objectVersion = 46;
	objects = {

/* Begin PBXBuildFile section */
		E6DE56DB1A2864D4004502A6 /* main.m in Sources */ = {isa = PBXBuildFile; fileRef = E6DE56DA1A2864D4004502A6 /* main.m */; };
		E6DE56DE1A2864D4004502A6 /* AppDelegate.m in Sources */ = {isa = PBXBuildFile; fileRef = E6DE56DD1A2864D4004502A6 /* AppDelegate.m */; };
		E6DE56E11A2864D4004502A6 /* ViewController.m in Sources */ = {isa = PBXBuildFile; fileRef = E6DE56E01A2864D4004502A6 /* ViewController.m */; };
		E6DE56E41A2864D4004502A6 /* Main.storyboard in Resources */ = {isa = PBXBuildFile; fileRef = E6DE56E21A2864D4004502A6 /* Main.storyboard */; };
		E6DE56E61A2864D4004502A6 /* Images.xcassets in Resources */ = {isa = PBXBuildFile; fileRef = E6DE56E51A2864D4004502A6 /* Images.xcassets */; };
		E6DE56E91A2864D4004502A6 /* LaunchScreen.xib in Resources */ = {isa = PBXBuildFile; fileRef = E6DE56E71A2864D4004502A6 /* LaunchScreen.xib */; };
		E6DE56F51A2864D4004502A6 /* FlyWireTests.m in Sources */ = {isa = PBXBuildFile; fileRef = E6DE56F41A2864D4004502A6 /* FlyWireTests.m */; };
/* End PBXBuildFile section */

/* Begin PBXContainerItemProxy section */
		E6DE56EF1A2864D4004502A6 /* PBXContainerItemProxy */ = {
			isa = PBXContainerItemProxy;
			containerPortal = E6DE56CD1A2864D4004502A6 /* Project object */;
			proxyType = 1;
			remoteGlobalIDString = E6DE56D41A2864D4004502A6;
			remoteInfo = FlyWire;
		};
/* End PBXContainerItemProxy section */

/* Begin PBXFileReference section */
		E6DE56D51A2864D4004502A6 /* FlyWire.app */ = {isa = PBXFileReference; explicitFileType = wrapper.application; includeInIndex = 0; path = FlyWire.app; sourceTree = BUILT_PRODUCTS_DIR; };
		E6DE56D91A2864D4004502A6 /* Info.plist */ = {isa = PBXFileReference; lastKnownFileType = text.plist.xml; path = Info.plist; sourceTree = "<group>"; };
		E6DE56DA1A2864D4004502A6 /* main.m */ = {isa = PBXFileReference; lastKnownFileType = sourcecode.c.objc; path = main.m; sourceTree = "<group>"; };
		E6DE56DC1A2864D4004502A6 /* AppDelegate.h */ = {isa = PBXFileReference; lastKnownFileType = sourcecode.c.h; path = AppDelegate.h; sourceTree = "<group>"; };
		E6DE56DD1A2864D4004502A6 /* AppDelegate.m */ = {isa = PBXFileReference; lastKnownFileType = sourcecode.c.objc; path = AppDelegate.m; sourceTree = "<group>"; };
		E6DE56DF1A2864D4004502A6 /* ViewController.h */ = {isa = PBXFileReference; lastKnownFileType = sourcecode.c.h; path = ViewController.h; sourceTree = "<group>"; };
		E6DE56E01A2864D4004502A6 /* ViewController.m */ = {isa = PBXFileReference; lastKnownFileType = sourcecode.c.objc; path = ViewController.m; sourceTree = "<group>"; };
		E6DE56E31A2864D4004502A6 /* Base */ = {isa = PBXFileReference; lastKnownFileType = file.storyboard; name = Base; path = Base.lproj/Main.storyboard; sourceTree = "<group>"; };
		E6DE56E51A2864D4004502A6 /* Images.xcassets */ = {isa = PBXFileReference; lastKnownFileType = folder.assetcatalog; path = Images.xcassets; sourceTree = "<group>"; };
		E6DE56E81A2864D4004502A6 /* Base */ = {isa = PBXFileReference; lastKnownFileType = file.xib; name = Base; path = Base.lproj/LaunchScreen.xib; sourceTree = "<group>"; };
		E6DE56EE1A2864D4004502A6 /* FlyWireTests.xctest */ = {isa = PBXFileReference; explicitFileType = wrapper.cfbundle; includeInIndex = 0; path = FlyWireTests.xctest; sourceTree = BUILT_PRODUCTS_DIR; };
		E6DE56F31A2864D4004502A6 /* Info.plist */ = {isa = PBXFileReference; lastKnownFileType = text.plist.xml; path = Info.plist; sourceTree = "<group>"; };
		E6DE56F41A2864D4004502A6 /* FlyWireTests.m */ = {isa = PBXFileReference; lastKnownFileType = sourcecode.c.objc; path = FlyWireTests.m; sourceTree = "<group>"; };
/* End PBXFileReference section */

/* Begin PBXFrameworksBuildPhase section */
		E6DE56D21A2864D4004502A6 /* Frameworks */ = {
			isa = PBXFrameworksBuildPhase;
			buildActionMask = 2147483647;
			files = (
			);
			runOnlyForDeploymentPostprocessing = 0;
		};
		E6DE56EB1A2864D4004502A6 /* Frameworks */ = {
			isa = PBXFrameworksBuildPhase;
			buildActionMask = 2147483647;
			files = (
			);
			runOnlyForDeploymentPostprocessing = 0;
		};
/* End PBXFrameworksBuildPhase section */

/* Begin PBXGroup section */
		E6DE56CC1A2864D4004502A6 = {
			isa = PBXGroup;
			children = (
				E6DE56D71A2864D4004502A6 /* FlyWire */,
				E6DE56F11A2864D4004502A6 /* FlyWireTests */,
				E6DE56D61A2864D4004502A6 /* Products */,
			);
			sourceTree = "<group>";
		};
		E6DE56D61A2864D4004502A6 /* Products */ = {
			isa = PBXGroup;
			children = (
				E6DE56D51A2864D4004502A6 /* FlyWire.app */,
				E6DE56EE1A2864D4004502A6 /* FlyWireTests.xctest */,
			);
			name = Products;
			sourceTree = "<group>";
		};
		E6DE56D71A2864D4004502A6 /* FlyWire */ = {
			isa = PBXGroup;
			children = (
				E6DE56DC1A2864D4004502A6 /* AppDelegate.h */,
				E6DE56DD1A2864D4004502A6 /* AppDelegate.m */,
				E6DE56DF1A2864D4004502A6 /* ViewController.h */,
				E6DE56E01A2864D4004502A6 /* ViewController.m */,
				E6DE56E21A2864D4004502A6 /* Main.storyboard */,
				E6DE56E51A2864D4004502A6 /* Images.xcassets */,
				E6DE56E71A2864D4004502A6 /* LaunchScreen.xib */,
				E6DE56D81A2864D4004502A6 /* Supporting Files */,
			);
			path = FlyWire;
			sourceTree = "<group>";
		};
		E6DE56D81A2864D4004502A6 /* Supporting Files */ = {
			isa = PBXGroup;
			children = (
				E6DE56D91A2864D4004502A6 /* Info.plist */,
				E6DE56DA1A2864D4004502A6 /* main.m */,
			);
			name = "Supporting Files";
			sourceTree = "<group>";
		};
		E6DE56F11A2864D4004502A6 /* FlyWireTests */ = {
			isa = PBXGroup;
			children = (
				E6DE56F41A2864D4004502A6 /* FlyWireTests.m */,
				E6DE56F21A2864D4004502A6 /* Supporting Files */,
			);
			path = FlyWireTests;
			sourceTree = "<group>";
		};
		E6DE56F21A2864D4004502A6 /* Supporting Files */ = {
			isa = PBXGroup;
			children = (
				E6DE56F31A2864D4004502A6 /* Info.plist */,
			);
			name = "Supporting Files";
			sourceTree = "<group>";
		};
/* End PBXGroup section */

/* Begin PBXNativeTarget section */
		E6DE56D41A2864D4004502A6 /* FlyWire */ = {
			isa = PBXNativeTarget;
			buildConfigurationList = E6DE56F81A2864D4004502A6 /* Build configuration list for PBXNativeTarget "FlyWire" */;
			buildPhases = (
				E6DE56D11A2864D4004502A6 /* Sources */,
				E6DE56D21A2864D4004502A6 /* Frameworks */,
				E6DE56D31A2864D4004502A6 /* Resources */,
			);
			buildRules = (
			);
			dependencies = (
			);
			name = FlyWire;
			productName = FlyWire;
			productReference = E6DE56D51A2864D4004502A6 /* FlyWire.app */;
			productType = "com.apple.product-type.application";
		};
		E6DE56ED1A2864D4004502A6 /* FlyWireTests */ = {
			isa = PBXNativeTarget;
			buildConfigurationList = E6DE56FB1A2864D4004502A6 /* Build configuration list for PBXNativeTarget "FlyWireTests" */;
			buildPhases = (
				E6DE56EA1A2864D4004502A6 /* Sources */,
				E6DE56EB1A2864D4004502A6 /* Frameworks */,
				E6DE56EC1A2864D4004502A6 /* Resources */,
			);
			buildRules = (
			);
			dependencies = (
				E6DE56F01A2864D4004502A6 /* PBXTargetDependency */,
			);
			name = FlyWireTests;
			productName = FlyWireTests;
			productReference = E6DE56EE1A2864D4004502A6 /* FlyWireTests.xctest */;
			productType = "com.apple.product-type.bundle.unit-test";
		};
/* End PBXNativeTarget section */

/* Begin PBXProject section */
		E6DE56CD1A2864D4004502A6 /* Project object */ = {
			isa = PBXProject;
			attributes = {
				LastUpgradeCheck = 0620;
				ORGANIZATIONNAME = CyonLeu;
				TargetAttributes = {
					E6DE56D41A2864D4004502A6 = {
						CreatedOnToolsVersion = 6.2;
					};
					E6DE56ED1A2864D4004502A6 = {
						CreatedOnToolsVersion = 6.2;
						TestTargetID = E6DE56D41A2864D4004502A6;
					};
				};
			};
			buildConfigurationList = E6DE56D01A2864D4004502A6 /* Build configuration list for PBXProject "FlyWire" */;
			compatibilityVersion = "Xcode 3.2";
			developmentRegion = English;
			hasScannedForEncodings = 0;
			knownRegions = (
				en,
				Base,
			);
			mainGroup = E6DE56CC1A2864D4004502A6;
			productRefGroup = E6DE56D61A2864D4004502A6 /* Products */;
			projectDirPath = "";
			projectRoot = "";
			targets = (
				E6DE56D41A2864D4004502A6 /* FlyWire */,
				E6DE56ED1A2864D4004502A6 /* FlyWireTests */,
			);
		};
/* End PBXProject section */

/* Begin PBXResourcesBuildPhase section */
		E6DE56D31A2864D4004502A6 /* Resources */ = {
			isa = PBXResourcesBuildPhase;
			buildActionMask = 2147483647;
			files = (
				E6DE56E41A2864D4004502A6 /* Main.storyboard in Resources */,
				E6DE56E91A2864D4004502A6 /* LaunchScreen.xib in Resources */,
				E6DE56E61A2864D4004502A6 /* Images.xcassets in Resources */,
			);
			runOnlyForDeploymentPostprocessing = 0;
		};
		E6DE56EC1A2864D4004502A6 /* Resources */ = {
			isa = PBXResourcesBuildPhase;
			buildActionMask = 2147483647;
			files = (
			);
			runOnlyForDeploymentPostprocessing = 0;
		};
/* End PBXResourcesBuildPhase section */

/* Begin PBXSourcesBuildPhase section */
		E6DE56D11A2864D4004502A6 /* Sources */ = {
			isa = PBXSourcesBuildPhase;
			buildActionMask = 2147483647;
			files = (
				E6DE56E11A2864D4004502A6 /* ViewController.m in Sources */,
				E6DE56DE1A2864D4004502A6 /* AppDelegate.m in Sources */,
				E6DE56DB1A2864D4004502A6 /* main.m in Sources */,
			);
			runOnlyForDeploymentPostprocessing = 0;
		};
		E6DE56EA1A2864D4004502A6 /* Sources */ = {
			isa = PBXSourcesBuildPhase;
			buildActionMask = 2147483647;
			files = (
				E6DE56F51A2864D4004502A6 /* FlyWireTests.m in Sources */,
			);
			runOnlyForDeploymentPostprocessing = 0;
		};
/* End PBXSourcesBuildPhase section */

/* Begin PBXTargetDependency section */
		E6DE56F01A2864D4004502A6 /* PBXTargetDependency */ = {
			isa = PBXTargetDependency;
			target = E6DE56D41A2864D4004502A6 /* FlyWire */;
			targetProxy = E6DE56EF1A2864D4004502A6 /* PBXContainerItemProxy */;
		};
/* End PBXTargetDependency section */

/* Begin PBXVariantGroup section */
		E6DE56E21A2864D4004502A6 /* Main.storyboard */ = {
			isa = PBXVariantGroup;
			children = (
				E6DE56E31A2864D4004502A6 /* Base */,
			);
			name = Main.storyboard;
			sourceTree = "<group>";
		};
		E6DE56E71A2864D4004502A6 /* LaunchScreen.xib */ = {
			isa = PBXVariantGroup;
			children = (
				E6DE56E81A2864D4004502A6 /* Base */,
			);
			name = LaunchScreen.xib;
			sourceTree = "<group>";
		};
/* End PBXVariantGroup section */

/* Begin XCBuildConfiguration section */
		E6DE56F61A2864D4004502A6 /* Debug */ = {
			isa = XCBuildConfiguration;
			buildSettings = {
				ALWAYS_SEARCH_USER_PATHS = NO;
				CLANG_CXX_LANGUAGE_STANDARD = "gnu++0x";
				CLANG_CXX_LIBRARY = "libc++";
				CLANG_ENABLE_MODULES = YES;
				CLANG_ENABLE_OBJC_ARC = YES;
				CLANG_WARN_BOOL_CONVERSION = YES;
				CLANG_WARN_CONSTANT_CONVERSION = YES;
				CLANG_WARN_DIRECT_OBJC_ISA_USAGE = YES_ERROR;
				CLANG_WARN_EMPTY_BODY = YES;
				CLANG_WARN_ENUM_CONVERSION = YES;
				CLANG_WARN_INT_CONVERSION = YES;
				CLANG_WARN_OBJC_ROOT_CLASS = YES_ERROR;
				CLANG_WARN_UNREACHABLE_CODE = YES;
				CLANG_WARN__DUPLICATE_METHOD_MATCH = YES;
				"CODE_SIGN_IDENTITY[sdk=iphoneos*]" = "iPhone Developer";
				COPY_PHASE_STRIP = NO;
				ENABLE_STRICT_OBJC_MSGSEND = YES;
				GCC_C_LANGUAGE_STANDARD = gnu99;
				GCC_DYNAMIC_NO_PIC = NO;
				GCC_OPTIMIZATION_LEVEL = 0;
				GCC_PREPROCESSOR_DEFINITIONS = (
					"DEBUG=1",
					"$(inherited)",
				);
				GCC_SYMBOLS_PRIVATE_EXTERN = NO;
				GCC_WARN_64_TO_32_BIT_CONVERSION = YES;
				GCC_WARN_ABOUT_RETURN_TYPE = YES_ERROR;
				GCC_WARN_UNDECLARED_SELECTOR = YES;
				GCC_WARN_UNINITIALIZED_AUTOS = YES_AGGRESSIVE;
				GCC_WARN_UNUSED_FUNCTION = YES;
				GCC_WARN_UNUSED_VARIABLE = YES;
				IPHONEOS_DEPLOYMENT_TARGET = 8.2;
				MTL_ENABLE_DEBUG_INFO = YES;
				ONLY_ACTIVE_ARCH = YES;
				SDKROOT = iphoneos;
				TARGETED_DEVICE_FAMILY = "1,2";
			};
			name = Debug;
		};
		E6DE56F71A2864D4004502A6 /* Release */ = {
			isa = XCBuildConfiguration;
			buildSettings = {
				ALWAYS_SEARCH_USER_PATHS = NO;
				CLANG_CXX_LANGUAGE_STANDARD = "gnu++0x";
				CLANG_CXX_LIBRARY = "libc++";
				CLANG_ENABLE_MODULES = YES;
				CLANG_ENABLE_OBJC_ARC = YES;
				CLANG_WARN_BOOL_CONVERSION = YES;
				CLANG_WARN_CONSTANT_CONVERSION = YES;
				CLANG_WARN_DIRECT_OBJC_ISA_USAGE = YES_ERROR;
				CLANG_WARN_EMPTY_BODY = YES;
				CLANG_WARN_ENUM_CONVERSION = YES;
				CLANG_WARN_INT_CONVERSION = YES;
				CLANG_WARN_OBJC_ROOT_CLASS = YES_ERROR;
				CLANG_WARN_UNREACHABLE_CODE = YES;
				CLANG_WARN__DUPLICATE_METHOD_MATCH = YES;
				"CODE_SIGN_IDENTITY[sdk=iphoneos*]" = "iPhone Developer";
				COPY_PHASE_STRIP = YES;
				ENABLE_NS_ASSERTIONS = NO;
				ENABLE_STRICT_OBJC_MSGSEND = YES;
				GCC_C_LANGUAGE_STANDARD = gnu99;
				GCC_WARN_64_TO_32_BIT_CONVERSION = YES;
				GCC_WARN_ABOUT_RETURN_TYPE = YES_ERROR;
				GCC_WARN_UNDECLARED_SELECTOR = YES;
				GCC_WARN_UNINITIALIZED_AUTOS = YES_AGGRESSIVE;
				GCC_WARN_UNUSED_FUNCTION = YES;
				GCC_WARN_UNUSED_VARIABLE = YES;
				IPHONEOS_DEPLOYMENT_TARGET = 8.2;
				MTL_ENABLE_DEBUG_INFO = NO;
				SDKROOT = iphoneos;
				TARGETED_DEVICE_FAMILY = "1,2";
				VALIDATE_PRODUCT = YES;
			};
			name = Release;
		};
		E6DE56F91A2864D4004502A6 /* Debug */ = {
			isa = XCBuildConfiguration;
			buildSettings = {
				ASSETCATALOG_COMPILER_APPICON_NAME = AppIcon;
				INFOPLIST_FILE = FlyWire/Info.plist;
				LD_RUNPATH_SEARCH_PATHS = "$(inherited) @executable_path/Frameworks";
				PRODUCT_NAME = "$(TARGET_NAME)";
			};
			name = Debug;
		};
		E6DE56FA1A2864D4004502A6 /* Release */ = {
			isa = XCBuildConfiguration;
			buildSettings = {
				ASSETCATALOG_COMPILER_APPICON_NAME = AppIcon;
				INFOPLIST_FILE = FlyWire/Info.plist;
				LD_RUNPATH_SEARCH_PATHS = "$(inherited) @executable_path/Frameworks";
				PRODUCT_NAME = "$(TARGET_NAME)";
			};
			name = Release;
		};
		E6DE56FC1A2864D4004502A6 /* Debug */ = {
			isa = XCBuildConfiguration;
			buildSettings = {
				BUNDLE_LOADER = "$(TEST_HOST)";
				FRAMEWORK_SEARCH_PATHS = (
					"$(SDKROOT)/Developer/Library/Frameworks",
					"$(inherited)",
				);
				GCC_PREPROCESSOR_DEFINITIONS = (
					"DEBUG=1",
					"$(inherited)",
				);
				INFOPLIST_FILE = FlyWireTests/Info.plist;
				LD_RUNPATH_SEARCH_PATHS = "$(inherited) @executable_path/Frameworks @loader_path/Frameworks";
				PRODUCT_NAME = "$(TARGET_NAME)";
				TEST_HOST = "$(BUILT_PRODUCTS_DIR)/FlyWire.app/FlyWire";
			};
			name = Debug;
		};
		E6DE56FD1A2864D4004502A6 /* Release */ = {
			isa = XCBuildConfiguration;
			buildSettings = {
				BUNDLE_LOADER = "$(TEST_HOST)";
				FRAMEWORK_SEARCH_PATHS = (
					"$(SDKROOT)/Developer/Library/Frameworks",
					"$(inherited)",
				);
				INFOPLIST_FILE = FlyWireTests/Info.plist;
				LD_RUNPATH_SEARCH_PATHS = "$(inherited) @executable_path/Frameworks @loader_path/Frameworks";
				PRODUCT_NAME = "$(TARGET_NAME)";
				TEST_HOST = "$(BUILT_PRODUCTS_DIR)/FlyWire.app/FlyWire";
			};
			name = Release;
		};
/* End XCBuildConfiguration section */

/* Begin XCConfigurationList section */
		E6DE56D01A2864D4004502A6 /* Build configuration list for PBXProject "FlyWire" */ = {
			isa = XCConfigurationList;
			buildConfigurations = (
				E6DE56F61A2864D4004502A6 /* Debug */,
				E6DE56F71A2864D4004502A6 /* Release */,
			);
			defaultConfigurationIsVisible = 0;
			defaultConfigurationName = Release;
		};
		E6DE56F81A2864D4004502A6 /* Build configuration list for PBXNativeTarget "FlyWire" */ = {
			isa = XCConfigurationList;
			buildConfigurations = (
				E6DE56F91A2864D4004502A6 /* Debug */,
				E6DE56FA1A2864D4004502A6 /* Release */,
			);
			defaultConfigurationIsVisible = 0;
		};
		E6DE56FB1A2864D4004502A6 /* Build configuration list for PBXNativeTarget "FlyWireTests" */ = {
			isa = XCConfigurationList;
			buildConfigurations = (
				E6DE56FC1A2864D4004502A6 /* Debug */,
				E6DE56FD1A2864D4004502A6 /* Release */,
			);
			defaultConfigurationIsVisible = 0;
		};
/* End XCConfigurationList section */
	};
	rootObject = E6DE56CD1A2864D4004502A6 /* Project object */;
}
